// !$*UTF8*$!
{
	archiveVersion = 1;
	classes = {
	};
	objectVersion = 46;
	objects = {

/* Begin PBXBuildFile section */
		13B07DB5943F46D6BD71E906 /* libPods.a in Frameworks */ = {isa = PBXBuildFile; fileRef = FE8D810E04E8424EB3D8DFF6 /* libPods.a */; };
		562C498117FAD35E008BF660 /* SHPhotoPreviewVC.m in Sources */ = {isa = PBXBuildFile; fileRef = 562C498017FAD35E008BF660 /* SHPhotoPreviewVC.m */; };
		5664B57017F98B8700868B04 /* UIKit.framework in Frameworks */ = {isa = PBXBuildFile; fileRef = 5664B56F17F98B8700868B04 /* UIKit.framework */; };
		5664B57217F98B8700868B04 /* Foundation.framework in Frameworks */ = {isa = PBXBuildFile; fileRef = 5664B57117F98B8700868B04 /* Foundation.framework */; };
		5664B57417F98B8700868B04 /* CoreGraphics.framework in Frameworks */ = {isa = PBXBuildFile; fileRef = 5664B57317F98B8700868B04 /* CoreGraphics.framework */; };
		5664B57A17F98B8800868B04 /* InfoPlist.strings in Resources */ = {isa = PBXBuildFile; fileRef = 5664B57817F98B8800868B04 /* InfoPlist.strings */; };
		5664B57C17F98B8800868B04 /* main.m in Sources */ = {isa = PBXBuildFile; fileRef = 5664B57B17F98B8800868B04 /* main.m */; };
		5664B58017F98B8800868B04 /* SHAppDelegate.m in Sources */ = {isa = PBXBuildFile; fileRef = 5664B57F17F98B8800868B04 /* SHAppDelegate.m */; };
		5664B58217F98B8800868B04 /* Default.png in Resources */ = {isa = PBXBuildFile; fileRef = 5664B58117F98B8800868B04 /* Default.png */; };
		5664B58417F98B8800868B04 /* Default@2x.png in Resources */ = {isa = PBXBuildFile; fileRef = 5664B58317F98B8800868B04 /* Default@2x.png */; };
		5664B58617F98B8800868B04 /* Default-568h@2x.png in Resources */ = {isa = PBXBuildFile; fileRef = 5664B58517F98B8800868B04 /* Default-568h@2x.png */; };
		5664B58917F98B8800868B04 /* MainStoryboard_iPhone.storyboard in Resources */ = {isa = PBXBuildFile; fileRef = 5664B58717F98B8800868B04 /* MainStoryboard_iPhone.storyboard */; };
		5664B58C17F98B8800868B04 /* MainStoryboard_iPad.storyboard in Resources */ = {isa = PBXBuildFile; fileRef = 5664B58A17F98B8800868B04 /* MainStoryboard_iPad.storyboard */; };
		5664B58F17F98B8800868B04 /* SHViewController.m in Sources */ = {isa = PBXBuildFile; fileRef = 5664B58E17F98B8800868B04 /* SHViewController.m */; };
		5664B59717F98B8900868B04 /* SenTestingKit.framework in Frameworks */ = {isa = PBXBuildFile; fileRef = 5664B59617F98B8900868B04 /* SenTestingKit.framework */; };
		5664B59817F98B8900868B04 /* UIKit.framework in Frameworks */ = {isa = PBXBuildFile; fileRef = 5664B56F17F98B8700868B04 /* UIKit.framework */; };
		5664B59917F98B8900868B04 /* Foundation.framework in Frameworks */ = {isa = PBXBuildFile; fileRef = 5664B57117F98B8700868B04 /* Foundation.framework */; };
		5664B5A117F98B8900868B04 /* InfoPlist.strings in Resources */ = {isa = PBXBuildFile; fileRef = 5664B59F17F98B8900868B04 /* InfoPlist.strings */; };
		5664B5A417F98B8900868B04 /* SherishTests.m in Sources */ = {isa = PBXBuildFile; fileRef = 5664B5A317F98B8900868B04 /* SherishTests.m */; };
		5664B5AE17F98FCD00868B04 /* Podfile in Resources */ = {isa = PBXBuildFile; fileRef = 5664B5AD17F98FCD00868B04 /* Podfile */; };
		5664B5B217F9AA2800868B04 /* SHLeftMenuVC.m in Sources */ = {isa = PBXBuildFile; fileRef = 5664B5B117F9AA2800868B04 /* SHLeftMenuVC.m */; };
		5664B5B617F9ADD300868B04 /* SHLeftMenuCell.m in Sources */ = {isa = PBXBuildFile; fileRef = 5664B5B517F9ADD300868B04 /* SHLeftMenuCell.m */; };
		5664B5BB17F9B9D000868B04 /* SHHomeVC.m in Sources */ = {isa = PBXBuildFile; fileRef = 5664B5BA17F9B9D000868B04 /* SHHomeVC.m */; };
		5664B5BE17F9C27F00868B04 /* SHCameraVC.m in Sources */ = {isa = PBXBuildFile; fileRef = 5664B5BD17F9C27F00868B04 /* SHCameraVC.m */; };
/* End PBXBuildFile section */

/* Begin PBXContainerItemProxy section */
		5664B59A17F98B8900868B04 /* PBXContainerItemProxy */ = {
			isa = PBXContainerItemProxy;
			containerPortal = 5664B56417F98B8700868B04 /* Project object */;
			proxyType = 1;
			remoteGlobalIDString = 5664B56B17F98B8700868B04;
			remoteInfo = Sherish;
		};
/* End PBXContainerItemProxy section */

/* Begin PBXFileReference section */
		475E4ED2A8CB43D499127478 /* Pods.xcconfig */ = {isa = PBXFileReference; includeInIndex = 1; lastKnownFileType = text.xcconfig; name = Pods.xcconfig; path = Pods/Pods.xcconfig; sourceTree = SOURCE_ROOT; };
		562C497F17FAD35E008BF660 /* SHPhotoPreviewVC.h */ = {isa = PBXFileReference; fileEncoding = 4; lastKnownFileType = sourcecode.c.h; name = SHPhotoPreviewVC.h; path = Controllers/SHPhotoPreviewVC.h; sourceTree = "<group>"; };
		562C498017FAD35E008BF660 /* SHPhotoPreviewVC.m */ = {isa = PBXFileReference; fileEncoding = 4; lastKnownFileType = sourcecode.c.objc; name = SHPhotoPreviewVC.m; path = Controllers/SHPhotoPreviewVC.m; sourceTree = "<group>"; };
		5664B56C17F98B8700868B04 /* Sherish.app */ = {isa = PBXFileReference; explicitFileType = wrapper.application; includeInIndex = 0; path = Sherish.app; sourceTree = BUILT_PRODUCTS_DIR; };
		5664B56F17F98B8700868B04 /* UIKit.framework */ = {isa = PBXFileReference; lastKnownFileType = wrapper.framework; name = UIKit.framework; path = System/Library/Frameworks/UIKit.framework; sourceTree = SDKROOT; };
		5664B57117F98B8700868B04 /* Foundation.framework */ = {isa = PBXFileReference; lastKnownFileType = wrapper.framework; name = Foundation.framework; path = System/Library/Frameworks/Foundation.framework; sourceTree = SDKROOT; };
		5664B57317F98B8700868B04 /* CoreGraphics.framework */ = {isa = PBXFileReference; lastKnownFileType = wrapper.framework; name = CoreGraphics.framework; path = System/Library/Frameworks/CoreGraphics.framework; sourceTree = SDKROOT; };
		5664B57717F98B8800868B04 /* Sherish-Info.plist */ = {isa = PBXFileReference; lastKnownFileType = text.plist.xml; path = "Sherish-Info.plist"; sourceTree = "<group>"; };
		5664B57917F98B8800868B04 /* en */ = {isa = PBXFileReference; lastKnownFileType = text.plist.strings; name = en; path = en.lproj/InfoPlist.strings; sourceTree = "<group>"; };
		5664B57B17F98B8800868B04 /* main.m */ = {isa = PBXFileReference; lastKnownFileType = sourcecode.c.objc; path = main.m; sourceTree = "<group>"; };
		5664B57D17F98B8800868B04 /* Sherish-Prefix.pch */ = {isa = PBXFileReference; lastKnownFileType = sourcecode.c.h; path = "Sherish-Prefix.pch"; sourceTree = "<group>"; };
		5664B57E17F98B8800868B04 /* SHAppDelegate.h */ = {isa = PBXFileReference; lastKnownFileType = sourcecode.c.h; path = SHAppDelegate.h; sourceTree = "<group>"; };
		5664B57F17F98B8800868B04 /* SHAppDelegate.m */ = {isa = PBXFileReference; lastKnownFileType = sourcecode.c.objc; path = SHAppDelegate.m; sourceTree = "<group>"; };
		5664B58117F98B8800868B04 /* Default.png */ = {isa = PBXFileReference; lastKnownFileType = image.png; path = Default.png; sourceTree = "<group>"; };
		5664B58317F98B8800868B04 /* Default@2x.png */ = {isa = PBXFileReference; lastKnownFileType = image.png; path = "Default@2x.png"; sourceTree = "<group>"; };
		5664B58517F98B8800868B04 /* Default-568h@2x.png */ = {isa = PBXFileReference; lastKnownFileType = image.png; path = "Default-568h@2x.png"; sourceTree = "<group>"; };
		5664B58817F98B8800868B04 /* en */ = {isa = PBXFileReference; lastKnownFileType = file.storyboard; name = en; path = en.lproj/MainStoryboard_iPhone.storyboard; sourceTree = "<group>"; };
		5664B58B17F98B8800868B04 /* en */ = {isa = PBXFileReference; lastKnownFileType = file.storyboard; name = en; path = en.lproj/MainStoryboard_iPad.storyboard; sourceTree = "<group>"; };
		5664B58D17F98B8800868B04 /* SHViewController.h */ = {isa = PBXFileReference; lastKnownFileType = sourcecode.c.h; path = SHViewController.h; sourceTree = "<group>"; };
		5664B58E17F98B8800868B04 /* SHViewController.m */ = {isa = PBXFileReference; lastKnownFileType = sourcecode.c.objc; path = SHViewController.m; sourceTree = "<group>"; };
		5664B59517F98B8900868B04 /* SherishTests.octest */ = {isa = PBXFileReference; explicitFileType = wrapper.cfbundle; includeInIndex = 0; path = SherishTests.octest; sourceTree = BUILT_PRODUCTS_DIR; };
		5664B59617F98B8900868B04 /* SenTestingKit.framework */ = {isa = PBXFileReference; lastKnownFileType = wrapper.framework; name = SenTestingKit.framework; path = Library/Frameworks/SenTestingKit.framework; sourceTree = DEVELOPER_DIR; };
		5664B59E17F98B8900868B04 /* SherishTests-Info.plist */ = {isa = PBXFileReference; lastKnownFileType = text.plist.xml; path = "SherishTests-Info.plist"; sourceTree = "<group>"; };
		5664B5A017F98B8900868B04 /* en */ = {isa = PBXFileReference; lastKnownFileType = text.plist.strings; name = en; path = en.lproj/InfoPlist.strings; sourceTree = "<group>"; };
		5664B5A217F98B8900868B04 /* SherishTests.h */ = {isa = PBXFileReference; lastKnownFileType = sourcecode.c.h; path = SherishTests.h; sourceTree = "<group>"; };
		5664B5A317F98B8900868B04 /* SherishTests.m */ = {isa = PBXFileReference; lastKnownFileType = sourcecode.c.objc; path = SherishTests.m; sourceTree = "<group>"; };
		5664B5AD17F98FCD00868B04 /* Podfile */ = {isa = PBXFileReference; fileEncoding = 4; lastKnownFileType = text; path = Podfile; sourceTree = SOURCE_ROOT; xcLanguageSpecificationIdentifier = xcode.lang.ruby; };
		5664B5B017F9AA2800868B04 /* SHLeftMenuVC.h */ = {isa = PBXFileReference; fileEncoding = 4; lastKnownFileType = sourcecode.c.h; name = SHLeftMenuVC.h; path = Controllers/SHLeftMenuVC.h; sourceTree = "<group>"; };
		5664B5B117F9AA2800868B04 /* SHLeftMenuVC.m */ = {isa = PBXFileReference; fileEncoding = 4; lastKnownFileType = sourcecode.c.objc; name = SHLeftMenuVC.m; path = Controllers/SHLeftMenuVC.m; sourceTree = "<group>"; };
		5664B5B417F9ADD300868B04 /* SHLeftMenuCell.h */ = {isa = PBXFileReference; fileEncoding = 4; lastKnownFileType = sourcecode.c.h; name = SHLeftMenuCell.h; path = Controllers/SHLeftMenuCell.h; sourceTree = "<group>"; };
		5664B5B517F9ADD300868B04 /* SHLeftMenuCell.m */ = {isa = PBXFileReference; fileEncoding = 4; lastKnownFileType = sourcecode.c.objc; name = SHLeftMenuCell.m; path = Controllers/SHLeftMenuCell.m; sourceTree = "<group>"; };
		5664B5B917F9B9D000868B04 /* SHHomeVC.h */ = {isa = PBXFileReference; fileEncoding = 4; lastKnownFileType = sourcecode.c.h; name = SHHomeVC.h; path = Controllers/SHHomeVC.h; sourceTree = "<group>"; };
		5664B5BA17F9B9D000868B04 /* SHHomeVC.m */ = {isa = PBXFileReference; fileEncoding = 4; lastKnownFileType = sourcecode.c.objc; name = SHHomeVC.m; path = Controllers/SHHomeVC.m; sourceTree = "<group>"; };
		5664B5BC17F9C27F00868B04 /* SHCameraVC.h */ = {isa = PBXFileReference; fileEncoding = 4; lastKnownFileType = sourcecode.c.h; name = SHCameraVC.h; path = Controllers/SHCameraVC.h; sourceTree = "<group>"; };
		5664B5BD17F9C27F00868B04 /* SHCameraVC.m */ = {isa = PBXFileReference; fileEncoding = 4; lastKnownFileType = sourcecode.c.objc; name = SHCameraVC.m; path = Controllers/SHCameraVC.m; sourceTree = "<group>"; };
		FE8D810E04E8424EB3D8DFF6 /* libPods.a */ = {isa = PBXFileReference; explicitFileType = archive.ar; includeInIndex = 0; path = libPods.a; sourceTree = BUILT_PRODUCTS_DIR; };
/* End PBXFileReference section */

/* Begin PBXFrameworksBuildPhase section */
		5664B56917F98B8700868B04 /* Frameworks */ = {
			isa = PBXFrameworksBuildPhase;
			buildActionMask = 2147483647;
			files = (
				5664B57017F98B8700868B04 /* UIKit.framework in Frameworks */,
				5664B57217F98B8700868B04 /* Foundation.framework in Frameworks */,
				5664B57417F98B8700868B04 /* CoreGraphics.framework in Frameworks */,
				13B07DB5943F46D6BD71E906 /* libPods.a in Frameworks */,
			);
			runOnlyForDeploymentPostprocessing = 0;
		};
		5664B59117F98B8900868B04 /* Frameworks */ = {
			isa = PBXFrameworksBuildPhase;
			buildActionMask = 2147483647;
			files = (
				5664B59717F98B8900868B04 /* SenTestingKit.framework in Frameworks */,
				5664B59817F98B8900868B04 /* UIKit.framework in Frameworks */,
				5664B59917F98B8900868B04 /* Foundation.framework in Frameworks */,
			);
			runOnlyForDeploymentPostprocessing = 0;
		};
/* End PBXFrameworksBuildPhase section */

/* Begin PBXGroup section */
		562C497E17FAD33F008BF660 /* Camera */ = {
			isa = PBXGroup;
			children = (
				5664B5BC17F9C27F00868B04 /* SHCameraVC.h */,
				5664B5BD17F9C27F00868B04 /* SHCameraVC.m */,
				562C497F17FAD35E008BF660 /* SHPhotoPreviewVC.h */,
				562C498017FAD35E008BF660 /* SHPhotoPreviewVC.m */,
			);
			name = Camera;
			sourceTree = "<group>";
		};
		5664B56317F98B8700868B04 = {
			isa = PBXGroup;
			children = (
				5664B57517F98B8700868B04 /* Sherish */,
				5664B59C17F98B8900868B04 /* SherishTests */,
				5664B56E17F98B8700868B04 /* Frameworks */,
				5664B56D17F98B8700868B04 /* Products */,
				475E4ED2A8CB43D499127478 /* Pods.xcconfig */,
			);
			sourceTree = "<group>";
		};
		5664B56D17F98B8700868B04 /* Products */ = {
			isa = PBXGroup;
			children = (
				5664B56C17F98B8700868B04 /* Sherish.app */,
				5664B59517F98B8900868B04 /* SherishTests.octest */,
			);
			name = Products;
			sourceTree = "<group>";
		};
		5664B56E17F98B8700868B04 /* Frameworks */ = {
			isa = PBXGroup;
			children = (
				5664B56F17F98B8700868B04 /* UIKit.framework */,
				5664B57117F98B8700868B04 /* Foundation.framework */,
				5664B57317F98B8700868B04 /* CoreGraphics.framework */,
				5664B59617F98B8900868B04 /* SenTestingKit.framework */,
				FE8D810E04E8424EB3D8DFF6 /* libPods.a */,
			);
			name = Frameworks;
			sourceTree = "<group>";
		};
		5664B57517F98B8700868B04 /* Sherish */ = {
			isa = PBXGroup;
			children = (
				5664B5B717F9B6BC00868B04 /* Utils */,
				5664B5AF17F9A9E700868B04 /* Controllers */,
				5664B57E17F98B8800868B04 /* SHAppDelegate.h */,
				5664B57F17F98B8800868B04 /* SHAppDelegate.m */,
				5664B58717F98B8800868B04 /* MainStoryboard_iPhone.storyboard */,
				5664B58A17F98B8800868B04 /* MainStoryboard_iPad.storyboard */,
				5664B58D17F98B8800868B04 /* SHViewController.h */,
				5664B58E17F98B8800868B04 /* SHViewController.m */,
				5664B57617F98B8800868B04 /* Supporting Files */,
			);
			path = Sherish;
			sourceTree = "<group>";
		};
		5664B57617F98B8800868B04 /* Supporting Files */ = {
			isa = PBXGroup;
			children = (
				5664B57717F98B8800868B04 /* Sherish-Info.plist */,
				5664B57817F98B8800868B04 /* InfoPlist.strings */,
				5664B57B17F98B8800868B04 /* main.m */,
				5664B57D17F98B8800868B04 /* Sherish-Prefix.pch */,
				5664B58117F98B8800868B04 /* Default.png */,
				5664B58317F98B8800868B04 /* Default@2x.png */,
				5664B58517F98B8800868B04 /* Default-568h@2x.png */,
				5664B5AD17F98FCD00868B04 /* Podfile */,
			);
			name = "Supporting Files";
			sourceTree = "<group>";
		};
		5664B59C17F98B8900868B04 /* SherishTests */ = {
			isa = PBXGroup;
			children = (
				5664B5A217F98B8900868B04 /* SherishTests.h */,
				5664B5A317F98B8900868B04 /* SherishTests.m */,
				5664B59D17F98B8900868B04 /* Supporting Files */,
			);
			path = SherishTests;
			sourceTree = "<group>";
		};
		5664B59D17F98B8900868B04 /* Supporting Files */ = {
			isa = PBXGroup;
			children = (
				5664B59E17F98B8900868B04 /* SherishTests-Info.plist */,
				5664B59F17F98B8900868B04 /* InfoPlist.strings */,
			);
			name = "Supporting Files";
			sourceTree = "<group>";
		};
		5664B5AF17F9A9E700868B04 /* Controllers */ = {
			isa = PBXGroup;
			children = (
				562C497E17FAD33F008BF660 /* Camera */,
				5664B5B817F9B99700868B04 /* Home */,
				5664B5B317F9AD5A00868B04 /* Left Menu */,
			);
			name = Controllers;
			sourceTree = "<group>";
		};
		5664B5B317F9AD5A00868B04 /* Left Menu */ = {
			isa = PBXGroup;
			children = (
				5664B5B017F9AA2800868B04 /* SHLeftMenuVC.h */,
				5664B5B117F9AA2800868B04 /* SHLeftMenuVC.m */,
				5664B5B417F9ADD300868B04 /* SHLeftMenuCell.h */,
				5664B5B517F9ADD300868B04 /* SHLeftMenuCell.m */,
			);
			name = "Left Menu";
			sourceTree = "<group>";
		};
		5664B5B717F9B6BC00868B04 /* Utils */ = {
			isa = PBXGroup;
			children = (
			);
			name = Utils;
			sourceTree = "<group>";
		};
		5664B5B817F9B99700868B04 /* Home */ = {
			isa = PBXGroup;
			children = (
				5664B5B917F9B9D000868B04 /* SHHomeVC.h */,
				5664B5BA17F9B9D000868B04 /* SHHomeVC.m */,
			);
			name = Home;
			sourceTree = "<group>";
		};
/* End PBXGroup section */

/* Begin PBXNativeTarget section */
		5664B56B17F98B8700868B04 /* Sherish */ = {
			isa = PBXNativeTarget;
			buildConfigurationList = 5664B5A717F98B8900868B04 /* Build configuration list for PBXNativeTarget "Sherish" */;
			buildPhases = (
				044EE64E5381452E89B2D5DB /* Check Pods Manifest.lock */,
				5664B56817F98B8700868B04 /* Sources */,
				5664B56917F98B8700868B04 /* Frameworks */,
				5664B56A17F98B8700868B04 /* Resources */,
				C0923576F8D5461AAB8A08A2 /* Copy Pods Resources */,
			);
			buildRules = (
			);
			dependencies = (
			);
			name = Sherish;
			productName = Sherish;
			productReference = 5664B56C17F98B8700868B04 /* Sherish.app */;
			productType = "com.apple.product-type.application";
		};
		5664B59417F98B8900868B04 /* SherishTests */ = {
			isa = PBXNativeTarget;
			buildConfigurationList = 5664B5AA17F98B8900868B04 /* Build configuration list for PBXNativeTarget "SherishTests" */;
			buildPhases = (
				5664B59017F98B8900868B04 /* Sources */,
				5664B59117F98B8900868B04 /* Frameworks */,
				5664B59217F98B8900868B04 /* Resources */,
				5664B59317F98B8900868B04 /* ShellScript */,
			);
			buildRules = (
			);
			dependencies = (
				5664B59B17F98B8900868B04 /* PBXTargetDependency */,
			);
			name = SherishTests;
			productName = SherishTests;
			productReference = 5664B59517F98B8900868B04 /* SherishTests.octest */;
			productType = "com.apple.product-type.bundle";
		};
/* End PBXNativeTarget section */

/* Begin PBXProject section */
		5664B56417F98B8700868B04 /* Project object */ = {
			isa = PBXProject;
			attributes = {
				CLASSPREFIX = SH;
				LastUpgradeCheck = 0460;
				ORGANIZATIONNAME = swanteams.com;
				TargetAttributes = {
					5664B56B17F98B8700868B04 = {
						DevelopmentTeam = 34XHBNU637;
					};
				};
			};
			buildConfigurationList = 5664B56717F98B8700868B04 /* Build configuration list for PBXProject "Sherish" */;
			compatibilityVersion = "Xcode 3.2";
			developmentRegion = English;
			hasScannedForEncodings = 0;
			knownRegions = (
				en,
			);
			mainGroup = 5664B56317F98B8700868B04;
			productRefGroup = 5664B56D17F98B8700868B04 /* Products */;
			projectDirPath = "";
			projectRoot = "";
			targets = (
				5664B56B17F98B8700868B04 /* Sherish */,
				5664B59417F98B8900868B04 /* SherishTests */,
			);
		};
/* End PBXProject section */

/* Begin PBXResourcesBuildPhase section */
		5664B56A17F98B8700868B04 /* Resources */ = {
			isa = PBXResourcesBuildPhase;
			buildActionMask = 2147483647;
			files = (
				5664B57A17F98B8800868B04 /* InfoPlist.strings in Resources */,
				5664B58217F98B8800868B04 /* Default.png in Resources */,
				5664B58417F98B8800868B04 /* Default@2x.png in Resources */,
				5664B58617F98B8800868B04 /* Default-568h@2x.png in Resources */,
				5664B58917F98B8800868B04 /* MainStoryboard_iPhone.storyboard in Resources */,
				5664B58C17F98B8800868B04 /* MainStoryboard_iPad.storyboard in Resources */,
				5664B5AE17F98FCD00868B04 /* Podfile in Resources */,
			);
			runOnlyForDeploymentPostprocessing = 0;
		};
		5664B59217F98B8900868B04 /* Resources */ = {
			isa = PBXResourcesBuildPhase;
			buildActionMask = 2147483647;
			files = (
				5664B5A117F98B8900868B04 /* InfoPlist.strings in Resources */,
			);
			runOnlyForDeploymentPostprocessing = 0;
		};
/* End PBXResourcesBuildPhase section */

/* Begin PBXShellScriptBuildPhase section */
		044EE64E5381452E89B2D5DB /* Check Pods Manifest.lock */ = {
			isa = PBXShellScriptBuildPhase;
			buildActionMask = 2147483647;
			files = (
			);
			inputPaths = (
			);
			name = "Check Pods Manifest.lock";
			outputPaths = (
			);
			runOnlyForDeploymentPostprocessing = 0;
			shellPath = /bin/sh;
			shellScript = "diff \"${PODS_ROOT}/../Podfile.lock\" \"${PODS_ROOT}/Manifest.lock\" > /dev/null\nif [[ $? != 0 ]] ; then\n    cat << EOM\nerror: The sandbox is not in sync with the Podfile.lock. Run 'pod install' or update your CocoaPods installation.\nEOM\n    exit 1\nfi\n";
		};
		5664B59317F98B8900868B04 /* ShellScript */ = {
			isa = PBXShellScriptBuildPhase;
			buildActionMask = 2147483647;
			files = (
			);
			inputPaths = (
			);
			outputPaths = (
			);
			runOnlyForDeploymentPostprocessing = 0;
			shellPath = /bin/sh;
			shellScript = "# Run the unit tests in this test bundle.\n\"${SYSTEM_DEVELOPER_DIR}/Tools/RunUnitTests\"\n";
		};
		C0923576F8D5461AAB8A08A2 /* Copy Pods Resources */ = {
			isa = PBXShellScriptBuildPhase;
			buildActionMask = 2147483647;
			files = (
			);
			inputPaths = (
			);
			name = "Copy Pods Resources";
			outputPaths = (
			);
			runOnlyForDeploymentPostprocessing = 0;
			shellPath = /bin/sh;
			shellScript = "\"${SRCROOT}/Pods/Pods-resources.sh\"\n";
		};
/* End PBXShellScriptBuildPhase section */

/* Begin PBXSourcesBuildPhase section */
		5664B56817F98B8700868B04 /* Sources */ = {
			isa = PBXSourcesBuildPhase;
			buildActionMask = 2147483647;
			files = (
				5664B57C17F98B8800868B04 /* main.m in Sources */,
				5664B58017F98B8800868B04 /* SHAppDelegate.m in Sources */,
				5664B58F17F98B8800868B04 /* SHViewController.m in Sources */,
				5664B5B217F9AA2800868B04 /* SHLeftMenuVC.m in Sources */,
				5664B5B617F9ADD300868B04 /* SHLeftMenuCell.m in Sources */,
				562C498117FAD35E008BF660 /* SHPhotoPreviewVC.m in Sources */,
				5664B5BB17F9B9D000868B04 /* SHHomeVC.m in Sources */,
				5664B5BE17F9C27F00868B04 /* SHCameraVC.m in Sources */,
			);
			runOnlyForDeploymentPostprocessing = 0;
		};
		5664B59017F98B8900868B04 /* Sources */ = {
			isa = PBXSourcesBuildPhase;
			buildActionMask = 2147483647;
			files = (
				5664B5A417F98B8900868B04 /* SherishTests.m in Sources */,
			);
			runOnlyForDeploymentPostprocessing = 0;
		};
/* End PBXSourcesBuildPhase section */

/* Begin PBXTargetDependency section */
		5664B59B17F98B8900868B04 /* PBXTargetDependency */ = {
			isa = PBXTargetDependency;
			target = 5664B56B17F98B8700868B04 /* Sherish */;
			targetProxy = 5664B59A17F98B8900868B04 /* PBXContainerItemProxy */;
		};
/* End PBXTargetDependency section */

/* Begin PBXVariantGroup section */
		5664B57817F98B8800868B04 /* InfoPlist.strings */ = {
			isa = PBXVariantGroup;
			children = (
				5664B57917F98B8800868B04 /* en */,
			);
			name = InfoPlist.strings;
			sourceTree = "<group>";
		};
		5664B58717F98B8800868B04 /* MainStoryboard_iPhone.storyboard */ = {
			isa = PBXVariantGroup;
			children = (
				5664B58817F98B8800868B04 /* en */,
			);
			name = MainStoryboard_iPhone.storyboard;
			sourceTree = "<group>";
		};
		5664B58A17F98B8800868B04 /* MainStoryboard_iPad.storyboard */ = {
			isa = PBXVariantGroup;
			children = (
				5664B58B17F98B8800868B04 /* en */,
			);
			name = MainStoryboard_iPad.storyboard;
			sourceTree = "<group>";
		};
		5664B59F17F98B8900868B04 /* InfoPlist.strings */ = {
			isa = PBXVariantGroup;
			children = (
				5664B5A017F98B8900868B04 /* en */,
			);
			name = InfoPlist.strings;
			sourceTree = "<group>";
		};
/* End PBXVariantGroup section */

/* Begin XCBuildConfiguration section */
		5664B5A517F98B8900868B04 /* Debug */ = {
			isa = XCBuildConfiguration;
			buildSettings = {
				ALWAYS_SEARCH_USER_PATHS = NO;
				CLANG_CXX_LANGUAGE_STANDARD = "gnu++0x";
				CLANG_CXX_LIBRARY = "libc++";
				CLANG_ENABLE_OBJC_ARC = YES;
				CLANG_WARN_CONSTANT_CONVERSION = YES;
				CLANG_WARN_EMPTY_BODY = YES;
				CLANG_WARN_ENUM_CONVERSION = YES;
				CLANG_WARN_INT_CONVERSION = YES;
				CLANG_WARN__DUPLICATE_METHOD_MATCH = YES;
				"CODE_SIGN_IDENTITY[sdk=iphoneos*]" = "iPhone Developer";
				COPY_PHASE_STRIP = NO;
				GCC_C_LANGUAGE_STANDARD = gnu99;
				GCC_DYNAMIC_NO_PIC = NO;
				GCC_OPTIMIZATION_LEVEL = 0;
				GCC_PREPROCESSOR_DEFINITIONS = (
					"DEBUG=1",
					"$(inherited)",
				);
				GCC_SYMBOLS_PRIVATE_EXTERN = NO;
				GCC_WARN_ABOUT_RETURN_TYPE = YES;
				GCC_WARN_UNINITIALIZED_AUTOS = YES;
				GCC_WARN_UNUSED_VARIABLE = YES;
				IPHONEOS_DEPLOYMENT_TARGET = 6.1;
				ONLY_ACTIVE_ARCH = YES;
				SDKROOT = iphoneos;
				TARGETED_DEVICE_FAMILY = "1,2";
			};
			name = Debug;
		};
		5664B5A617F98B8900868B04 /* Release */ = {
			isa = XCBuildConfiguration;
			buildSettings = {
				ALWAYS_SEARCH_USER_PATHS = NO;
				CLANG_CXX_LANGUAGE_STANDARD = "gnu++0x";
				CLANG_CXX_LIBRARY = "libc++";
				CLANG_ENABLE_OBJC_ARC = YES;
				CLANG_WARN_CONSTANT_CONVERSION = YES;
				CLANG_WARN_EMPTY_BODY = YES;
				CLANG_WARN_ENUM_CONVERSION = YES;
				CLANG_WARN_INT_CONVERSION = YES;
				CLANG_WARN__DUPLICATE_METHOD_MATCH = YES;
				"CODE_SIGN_IDENTITY[sdk=iphoneos*]" = "iPhone Developer";
				COPY_PHASE_STRIP = YES;
				GCC_C_LANGUAGE_STANDARD = gnu99;
				GCC_WARN_ABOUT_RETURN_TYPE = YES;
				GCC_WARN_UNINITIALIZED_AUTOS = YES;
				GCC_WARN_UNUSED_VARIABLE = YES;
				IPHONEOS_DEPLOYMENT_TARGET = 6.1;
				OTHER_CFLAGS = "-DNS_BLOCK_ASSERTIONS=1";
				SDKROOT = iphoneos;
				TARGETED_DEVICE_FAMILY = "1,2";
				VALIDATE_PRODUCT = YES;
			};
			name = Release;
		};
		5664B5A817F98B8900868B04 /* Debug */ = {
			isa = XCBuildConfiguration;
			baseConfigurationReference = 475E4ED2A8CB43D499127478 /* Pods.xcconfig */;
			buildSettings = {
				CODE_SIGN_IDENTITY = "iPhone Developer";
				"CODE_SIGN_IDENTITY[sdk=iphoneos*]" = "iPhone Developer";
				GCC_PRECOMPILE_PREFIX_HEADER = YES;
				GCC_PREFIX_HEADER = "Sherish/Sherish-Prefix.pch";
				INFOPLIST_FILE = "Sherish/Sherish-Info.plist";
				IPHONEOS_DEPLOYMENT_TARGET = 6.0;
				PRODUCT_NAME = "$(TARGET_NAME)";
				PROVISIONING_PROFILE = "";
				WRAPPER_EXTENSION = app;
			};
			name = Debug;
		};
		5664B5A917F98B8900868B04 /* Release */ = {
			isa = XCBuildConfiguration;
			baseConfigurationReference = 475E4ED2A8CB43D499127478 /* Pods.xcconfig */;
			buildSettings = {
				CODE_SIGN_IDENTITY = "iPhone Developer";
				"CODE_SIGN_IDENTITY[sdk=iphoneos*]" = "iPhone Developer";
				GCC_PRECOMPILE_PREFIX_HEADER = YES;
				GCC_PREFIX_HEADER = "Sherish/Sherish-Prefix.pch";
				INFOPLIST_FILE = "Sherish/Sherish-Info.plist";
				IPHONEOS_DEPLOYMENT_TARGET = 6.0;
				PRODUCT_NAME = "$(TARGET_NAME)";
				PROVISIONING_PROFILE = "";
				WRAPPER_EXTENSION = app;
			};
			name = Release;
		};
		5664B5AB17F98B8900868B04 /* Debug */ = {
			isa = XCBuildConfiguration;
			buildSettings = {
				BUNDLE_LOADER = "$(BUILT_PRODUCTS_DIR)/Sherish.app/Sherish";
				FRAMEWORK_SEARCH_PATHS = (
					"\"$(SDKROOT)/Developer/Library/Frameworks\"",
					"\"$(DEVELOPER_LIBRARY_DIR)/Frameworks\"",
				);
				GCC_PRECOMPILE_PREFIX_HEADER = YES;
				GCC_PREFIX_HEADER = "Sherish/Sherish-Prefix.pch";
				INFOPLIST_FILE = "SherishTests/SherishTests-Info.plist";
				PRODUCT_NAME = "$(TARGET_NAME)";
				TEST_HOST = "$(BUNDLE_LOADER)";
				WRAPPER_EXTENSION = octest;
			};
			name = Debug;
		};
		5664B5AC17F98B8900868B04 /* Release */ = {
			isa = XCBuildConfiguration;
			buildSettings = {
				BUNDLE_LOADER = "$(BUILT_PRODUCTS_DIR)/Sherish.app/Sherish";
				FRAMEWORK_SEARCH_PATHS = (
					"\"$(SDKROOT)/Developer/Library/Frameworks\"",
					"\"$(DEVELOPER_LIBRARY_DIR)/Frameworks\"",
				);
				GCC_PRECOMPILE_PREFIX_HEADER = YES;
				GCC_PREFIX_HEADER = "Sherish/Sherish-Prefix.pch";
				INFOPLIST_FILE = "SherishTests/SherishTests-Info.plist";
				PRODUCT_NAME = "$(TARGET_NAME)";
				TEST_HOST = "$(BUNDLE_LOADER)";
				WRAPPER_EXTENSION = octest;
			};
			name = Release;
		};
/* End XCBuildConfiguration section */

/* Begin XCConfigurationList section */
		5664B56717F98B8700868B04 /* Build configuration list for PBXProject "Sherish" */ = {
			isa = XCConfigurationList;
			buildConfigurations = (
				5664B5A517F98B8900868B04 /* Debug */,
				5664B5A617F98B8900868B04 /* Release */,
			);
			defaultConfigurationIsVisible = 0;
			defaultConfigurationName = Release;
		};
		5664B5A717F98B8900868B04 /* Build configuration list for PBXNativeTarget "Sherish" */ = {
			isa = XCConfigurationList;
			buildConfigurations = (
				5664B5A817F98B8900868B04 /* Debug */,
				5664B5A917F98B8900868B04 /* Release */,
			);
			defaultConfigurationIsVisible = 0;
			defaultConfigurationName = Release;
		};
		5664B5AA17F98B8900868B04 /* Build configuration list for PBXNativeTarget "SherishTests" */ = {
			isa = XCConfigurationList;
			buildConfigurations = (
				5664B5AB17F98B8900868B04 /* Debug */,
				5664B5AC17F98B8900868B04 /* Release */,
			);
			defaultConfigurationIsVisible = 0;
			defaultConfigurationName = Release;
		};
/* End XCConfigurationList section */
	};
	rootObject = 5664B56417F98B8700868B04 /* Project object */;
}
